
Microsoft Visual Studio Solution File, Format Version 12.00
# Visual Studio Version 17
VisualStudioVersion = 17.8.34408.163
MinimumVisualStudioVersion = 10.0.40219.1
Project("{FAE04EC0-301F-11D3-BF4B-00C04F79EFBC}") = "Question 6", "Question 6\Question 6.csproj", "{981BF038-652C-40AC-9950-4AD74030EBA2}"
EndProject
Global
	GlobalSection(SolutionConfigurationPlatforms) = preSolution
		Debug|Any CPU = Debug|Any CPU
		Release|Any CPU = Release|Any CPU
	EndGlobalSection
	GlobalSection(ProjectConfigurationPlatforms) = postSolution
		{981BF038-652C-40AC-9950-4AD74030EBA2}.Debug|Any CPU.ActiveCfg = Debug|Any CPU
		{981BF038-652C-40AC-9950-4AD74030EBA2}.Debug|Any CPU.Build.0 = Debug|Any CPU
		{981BF038-652C-40AC-9950-4AD74030EBA2}.Release|Any CPU.ActiveCfg = Release|Any CPU
		{981BF038-652C-40AC-9950-4AD74030EBA2}.Release|Any CPU.Build.0 = Release|Any CPU
	EndGlobalSection
	GlobalSection(SolutionProperties) = preSolution
		HideSolutionNode = FALSE
	EndGlobalSection
	GlobalSection(ExtensibilityGlobals) = postSolution
		SolutionGuid = {458A9441-D24C-4C43-8F1A-E53F24785EF8}
	EndGlobalSection
EndGlobal
