
Microsoft Visual Studio Solution File, Format Version 12.00
# Visual Studio Version 17
VisualStudioVersion = 17.9.34622.214
MinimumVisualStudioVersion = 10.0.40219.1
Project("{FAE04EC0-301F-11D3-BF4B-00C04F79EFBC}") = "Lab shett 05,Q3", "Lab shett 05,Q3\Lab shett 05,Q3.csproj", "{0B3FBB4C-B5D2-402F-AC49-3188E88C2698}"
EndProject
Global
	GlobalSection(SolutionConfigurationPlatforms) = preSolution
		Debug|Any CPU = Debug|Any CPU
		Release|Any CPU = Release|Any CPU
	EndGlobalSection
	GlobalSection(ProjectConfigurationPlatforms) = postSolution
		{0B3FBB4C-B5D2-402F-AC49-3188E88C2698}.Debug|Any CPU.ActiveCfg = Debug|Any CPU
		{0B3FBB4C-B5D2-402F-AC49-3188E88C2698}.Debug|Any CPU.Build.0 = Debug|Any CPU
		{0B3FBB4C-B5D2-402F-AC49-3188E88C2698}.Release|Any CPU.ActiveCfg = Release|Any CPU
		{0B3FBB4C-B5D2-402F-AC49-3188E88C2698}.Release|Any CPU.Build.0 = Release|Any CPU
	EndGlobalSection
	GlobalSection(SolutionProperties) = preSolution
		HideSolutionNode = FALSE
	EndGlobalSection
	GlobalSection(ExtensibilityGlobals) = postSolution
		SolutionGuid = {050C9605-AF4C-4A42-B71C-D63A655C4501}
	EndGlobalSection
EndGlobal
